DEPENDENCIES
  build-essential
  chef-repo
    path: .
    metadata: true
  git
  python

GRAPH
  build-essential (2.2.4)
  chef-repo (0.1.0)
  chef_handler (1.2.0)
  dmg (2.3.0)
  git (4.3.6)
    build-essential (>= 0.0.0)
    dmg (>= 0.0.0)
    windows (>= 0.0.0)
    yum-epel (>= 0.0.0)
  python (1.4.6)
    build-essential (>= 0.0.0)
    yum-epel (>= 0.0.0)
  windows (1.39.1)
    chef_handler (>= 0.0.0)
  yum (3.9.0)
  yum-epel (0.6.5)
    yum (~> 3.2)
